lockfileVersion: 5.4

specifiers:
  '@codemirror/autocomplete': ^6.3.0
  '@codemirror/commands': ^6.1.2
  '@codemirror/lang-rust': ^6.0.1
  '@codemirror/language': ^6.3.0
  '@codemirror/lint': ^6.0.0
  '@codemirror/search': ^6.2.2
  '@codemirror/state': ^6.1.2
  '@codemirror/view': ^6.4.0
  '@replit/codemirror-vim': ^6.0.3

dependencies:
  '@codemirror/autocomplete': 6.3.0
  '@codemirror/commands': 6.1.2
  '@codemirror/lang-rust': 6.0.1
  '@codemirror/language': 6.3.0
  '@codemirror/lint': 6.0.0
  '@codemirror/search': 6.2.2
  '@codemirror/state': 6.1.2
  '@codemirror/view': 6.4.0
  '@replit/codemirror-vim': 6.0.3_cgw7ql4yvbo3n3yuxqmosfthh4

packages:

  /@codemirror/autocomplete/6.3.0:
    resolution: {integrity: sha512-4jEvh3AjJZTDKazd10J6ZsCIqaYxDMCeua5ouQxY8hlFIml+nr7le0SgBhT3SIytFBmdzPK3AUhXGuW3T79nVg==}
    dependencies:
      '@codemirror/language': 6.3.0
      '@codemirror/state': 6.1.2
      '@codemirror/view': 6.4.0
      '@lezer/common': 1.0.1
    dev: false

  /@codemirror/commands/6.1.2:
    resolution: {integrity: sha512-sO3jdX1s0pam6lIdeSJLMN3DQ6mPEbM4yLvyKkdqtmd/UDwhXA5+AwFJ89rRXm6vTeOXBsE5cAmlos/t7MJdgg==}
    dependencies:
      '@codemirror/language': 6.3.0
      '@codemirror/state': 6.1.2
      '@codemirror/view': 6.4.0
      '@lezer/common': 1.0.1
    dev: false

  /@codemirror/lang-rust/6.0.1:
    resolution: {integrity: sha512-344EMWFBzWArHWdZn/NcgkwMvZIWUR1GEBdwG8FEp++6o6vT6KL9V7vGs2ONsKxxFUPXKI0SPcWhyYyl2zPYxQ==}
    dependencies:
      '@codemirror/language': 6.3.0
      '@lezer/rust': 1.0.0
    dev: false

  /@codemirror/language/6.3.0:
    resolution: {integrity: sha512-6jOE5DEt6sKD46SXhn3xPbBehn+l48ACcA6Uxs2k+E2YNH9XGF5WdGMTYr2DlggfK4h0QZBK6zEb5S7lkTriWA==}
    dependencies:
      '@codemirror/state': 6.1.2
      '@codemirror/view': 6.4.0
      '@lezer/common': 1.0.1
      '@lezer/highlight': 1.1.2
      '@lezer/lr': 1.2.3
      style-mod: 4.0.0
    dev: false

  /@codemirror/lint/6.0.0:
    resolution: {integrity: sha512-nUUXcJW1Xp54kNs+a1ToPLK8MadO0rMTnJB8Zk4Z8gBdrN0kqV7uvUraU/T2yqg+grDNR38Vmy/MrhQN/RgwiA==}
    dependencies:
      '@codemirror/state': 6.1.2
      '@codemirror/view': 6.4.0
      crelt: 1.0.5
    dev: false

  /@codemirror/search/6.2.2:
    resolution: {integrity: sha512-2pWY599zXk+lSoJ2iv9EuTO4gB7lhgBPLPwFb/zTbimFH4NmZSaKzJSV51okjABZ7/Rj0DYy5klWbIgaJh2LoQ==}
    dependencies:
      '@codemirror/state': 6.1.2
      '@codemirror/view': 6.4.0
      crelt: 1.0.5
    dev: false

  /@codemirror/state/6.1.2:
    resolution: {integrity: sha512-Mxff85Hp5va+zuj+H748KbubXjrinX/k28lj43H14T2D0+4kuvEFIEIO7hCEcvBT8ubZyIelt9yGOjj2MWOEQA==}
    dev: false

  /@codemirror/view/6.4.0:
    resolution: {integrity: sha512-Kv32b6Tn7QVwFbj/EDswTLSocjk5kgggF6zzBFAL4o4hZ/vmtFD155+EjH1pVlbfoDyVC2M6SedPsMrwYscgNg==}
    dependencies:
      '@codemirror/state': 6.1.2
      style-mod: 4.0.0
      w3c-keyname: 2.2.6
    dev: false

  /@lezer/common/1.0.1:
    resolution: {integrity: sha512-8TR5++Q/F//tpDsLd5zkrvEX5xxeemafEaek7mUp7Y+bI8cKQXdSqhzTOBaOogETcMOVr0pT3BBPXp13477ciw==}
    dev: false

  /@lezer/highlight/1.1.2:
    resolution: {integrity: sha512-CAun1WR1glxG9ZdOokTZwXbcwB7PXkIEyZRUMFBVwSrhTcogWq634/ByNImrkUnQhjju6xsIaOBIxvcRJtplXQ==}
    dependencies:
      '@lezer/common': 1.0.1
    dev: false

  /@lezer/lr/1.2.3:
    resolution: {integrity: sha512-qpB7rBzH8f6Mzjv2AVZRahcm+2Cf7nbIH++uXbvVOL1yIRvVWQ3HAM/saeBLCyz/togB7LGo76qdJYL1uKQlqA==}
    dependencies:
      '@lezer/common': 1.0.1
    dev: false

  /@lezer/rust/1.0.0:
    resolution: {integrity: sha512-IpGAxIjNxYmX9ra6GfQTSPegdCAWNeq23WNmrsMMQI7YNSvKtYxO4TX5rgZUmbhEucWn0KTBMeDEPXg99YKtTA==}
    dependencies:
      '@lezer/highlight': 1.1.2
      '@lezer/lr': 1.2.3
    dev: false

  /@replit/codemirror-vim/6.0.3_cgw7ql4yvbo3n3yuxqmosfthh4:
    resolution: {integrity: sha512-b2eBaTASDmRZahpPSIjHM1mBoIJ/ycPiBAiOOKgOJwX7dgVXP2nCwJHvmQwn5JqBUO08SN3cpTYQcih2U2/TTA==}
    peerDependencies:
      '@codemirror/commands': ^6.0.0
      '@codemirror/language': ^6.1.0
      '@codemirror/search': ^6.2.0
      '@codemirror/state': ^6.0.1
      '@codemirror/view': ^6.0.3
    dependencies:
      '@codemirror/commands': 6.1.2
      '@codemirror/language': 6.3.0
      '@codemirror/search': 6.2.2
      '@codemirror/state': 6.1.2
      '@codemirror/view': 6.4.0
    dev: false

  /crelt/1.0.5:
    resolution: {integrity: sha512-+BO9wPPi+DWTDcNYhr/W90myha8ptzftZT+LwcmUbbok0rcP/fequmFYCw8NMoH7pkAZQzU78b3kYrlua5a9eA==}
    dev: false

  /style-mod/4.0.0:
    resolution: {integrity: sha512-OPhtyEjyyN9x3nhPsu76f52yUGXiZcgvsrFVtvTkyGRQJ0XK+GPc6ov1z+lRpbeabka+MYEQxOYRnt5nF30aMw==}
    dev: false

  /w3c-keyname/2.2.6:
    resolution: {integrity: sha512-f+fciywl1SJEniZHD6H+kUO8gOnwIr7f4ijKA6+ZvJFjeGi1r4PDLl53Ayud9O/rk64RqgoQine0feoeOU0kXg==}
    dev: false
